
Microsoft Visual Studio Solution File, Format Version 12.00
# Visual Studio 2012
Project("{FAE04EC0-301F-11D3-BF4B-00C04F79EFBC}") = "ToDoList", "ToDoList\ToDoList.csproj", "{F03A407B-EB38-47BE-9DDB-223D796BDBAB}"
EndProject
Global
	GlobalSection(SolutionConfigurationPlatforms) = preSolution
		Debug|Any CPU = Debug|Any CPU
		Release|Any CPU = Release|Any CPU
	EndGlobalSection
	GlobalSection(ProjectConfigurationPlatforms) = postSolution
		{F03A407B-EB38-47BE-9DDB-223D796BDBAB}.Debug|Any CPU.ActiveCfg = Debug|Any CPU
		{F03A407B-EB38-47BE-9DDB-223D796BDBAB}.Debug|Any CPU.Build.0 = Debug|Any CPU
		{F03A407B-EB38-47BE-9DDB-223D796BDBAB}.Release|Any CPU.ActiveCfg = Release|Any CPU
		{F03A407B-EB38-47BE-9DDB-223D796BDBAB}.Release|Any CPU.Build.0 = Release|Any CPU
	EndGlobalSection
EndGlobal
